
Microsoft Visual Studio Solution File, Format Version 12.00
# Visual Studio 14
VisualStudioVersion = 14.0.25123.0
MinimumVisualStudioVersion = 10.0.40219.1
Project("{FAE04EC0-301F-11D3-BF4B-00C04F79EFBC}") = "Translator", "Translator\Translator.csproj", "{3811CE32-0F19-4944-84CD-48E92A134355}"
EndProject
Global
	GlobalSection(SolutionConfigurationPlatforms) = preSolution
		Debug|Any CPU = Debug|Any CPU
		Release|Any CPU = Release|Any CPU
	EndGlobalSection
	GlobalSection(ProjectConfigurationPlatforms) = postSolution
		{3811CE32-0F19-4944-84CD-48E92A134355}.Debug|Any CPU.ActiveCfg = Debug|Any CPU
		{3811CE32-0F19-4944-84CD-48E92A134355}.Debug|Any CPU.Build.0 = Debug|Any CPU
		{3811CE32-0F19-4944-84CD-48E92A134355}.Release|Any CPU.ActiveCfg = Release|Any CPU
		{3811CE32-0F19-4944-84CD-48E92A134355}.Release|Any CPU.Build.0 = Release|Any CPU
	EndGlobalSection
	GlobalSection(SolutionProperties) = preSolution
		HideSolutionNode = FALSE
	EndGlobalSection
EndGlobal
